
Microsoft Visual Studio Solution File, Format Version 12.00
# Visual Studio Version 17
VisualStudioVersion = 17.10.35013.160
MinimumVisualStudioVersion = 10.0.40219.1
Project("{FAE04EC0-301F-11D3-BF4B-00C04F79EFBC}") = "Clase07-08-2024", "Clase07-08-2024\Clase07-08-2024.csproj", "{7C20A3D6-7062-431A-B3F8-98CB3F1E1862}"
EndProject
Project("{FAE04EC0-301F-11D3-BF4B-00C04F79EFBC}") = "Ejercicio", "Ejercicio\Ejercicio.csproj", "{F4E2704E-0E53-4B08-A9F2-B4BE8428204F}"
EndProject
Global
	GlobalSection(SolutionConfigurationPlatforms) = preSolution
		Debug|Any CPU = Debug|Any CPU
		Release|Any CPU = Release|Any CPU
	EndGlobalSection
	GlobalSection(ProjectConfigurationPlatforms) = postSolution
		{7C20A3D6-7062-431A-B3F8-98CB3F1E1862}.Debug|Any CPU.ActiveCfg = Debug|Any CPU
		{7C20A3D6-7062-431A-B3F8-98CB3F1E1862}.Debug|Any CPU.Build.0 = Debug|Any CPU
		{7C20A3D6-7062-431A-B3F8-98CB3F1E1862}.Release|Any CPU.ActiveCfg = Release|Any CPU
		{7C20A3D6-7062-431A-B3F8-98CB3F1E1862}.Release|Any CPU.Build.0 = Release|Any CPU
		{F4E2704E-0E53-4B08-A9F2-B4BE8428204F}.Debug|Any CPU.ActiveCfg = Debug|Any CPU
		{F4E2704E-0E53-4B08-A9F2-B4BE8428204F}.Debug|Any CPU.Build.0 = Debug|Any CPU
		{F4E2704E-0E53-4B08-A9F2-B4BE8428204F}.Release|Any CPU.ActiveCfg = Release|Any CPU
		{F4E2704E-0E53-4B08-A9F2-B4BE8428204F}.Release|Any CPU.Build.0 = Release|Any CPU
	EndGlobalSection
	GlobalSection(SolutionProperties) = preSolution
		HideSolutionNode = FALSE
	EndGlobalSection
	GlobalSection(ExtensibilityGlobals) = postSolution
		SolutionGuid = {128DDEDC-2FEE-4156-B301-13D09D3387DA}
	EndGlobalSection
EndGlobal
